
Microsoft Visual Studio Solution File, Format Version 12.00
# Visual Studio Version 16
VisualStudioVersion = 16.0.30804.86
MinimumVisualStudioVersion = 10.0.40219.1
Project("{FAE04EC0-301F-11D3-BF4B-00C04F79EFBC}") = "Pagina2.Web", "Pagina2.Web\Pagina2.Web.csproj", "{8B44A4CA-90C2-4D80-91FA-FA79CB777EFB}"
EndProject
Global
	GlobalSection(SolutionConfigurationPlatforms) = preSolution
		Debug|Any CPU = Debug|Any CPU
		Release|Any CPU = Release|Any CPU
	EndGlobalSection
	GlobalSection(ProjectConfigurationPlatforms) = postSolution
		{8B44A4CA-90C2-4D80-91FA-FA79CB777EFB}.Debug|Any CPU.ActiveCfg = Debug|Any CPU
		{8B44A4CA-90C2-4D80-91FA-FA79CB777EFB}.Debug|Any CPU.Build.0 = Debug|Any CPU
		{8B44A4CA-90C2-4D80-91FA-FA79CB777EFB}.Release|Any CPU.ActiveCfg = Release|Any CPU
		{8B44A4CA-90C2-4D80-91FA-FA79CB777EFB}.Release|Any CPU.Build.0 = Release|Any CPU
	EndGlobalSection
	GlobalSection(SolutionProperties) = preSolution
		HideSolutionNode = FALSE
	EndGlobalSection
	GlobalSection(ExtensibilityGlobals) = postSolution
		SolutionGuid = {70426FD4-0898-4434-B78B-B9256E008E23}
	EndGlobalSection
EndGlobal
